
Microsoft Visual Studio Solution File, Format Version 11.00
# Visual Studio 2010
Project("{FAE04EC0-301F-11D3-BF4B-00C04F79EFBC}") = "SingleFileSolution", "SingleFileSolution\SingleFileSolution.csproj", "{6009329B-2F92-4051-A638-EA87E31C71B1}"
EndProject
Global
	GlobalSection(SolutionConfigurationPlatforms) = preSolution
		Debug|iPhoneSimulator = Debug|iPhoneSimulator
		Release|iPhoneSimulator = Release|iPhoneSimulator
		Debug|iPhone = Debug|iPhone
		Release|iPhone = Release|iPhone
		Ad-Hoc|iPhone = Ad-Hoc|iPhone
		AppStore|iPhone = AppStore|iPhone
	EndGlobalSection
	GlobalSection(ProjectConfigurationPlatforms) = postSolution
		{6009329B-2F92-4051-A638-EA87E31C71B1}.Ad-Hoc|iPhone.ActiveCfg = Ad-Hoc|iPhone
		{6009329B-2F92-4051-A638-EA87E31C71B1}.Ad-Hoc|iPhone.Build.0 = Ad-Hoc|iPhone
		{6009329B-2F92-4051-A638-EA87E31C71B1}.AppStore|iPhone.ActiveCfg = AppStore|iPhone
		{6009329B-2F92-4051-A638-EA87E31C71B1}.AppStore|iPhone.Build.0 = AppStore|iPhone
		{6009329B-2F92-4051-A638-EA87E31C71B1}.Debug|iPhone.ActiveCfg = Debug|iPhone
		{6009329B-2F92-4051-A638-EA87E31C71B1}.Debug|iPhone.Build.0 = Debug|iPhone
		{6009329B-2F92-4051-A638-EA87E31C71B1}.Debug|iPhoneSimulator.ActiveCfg = Debug|iPhoneSimulator
		{6009329B-2F92-4051-A638-EA87E31C71B1}.Debug|iPhoneSimulator.Build.0 = Debug|iPhoneSimulator
		{6009329B-2F92-4051-A638-EA87E31C71B1}.Release|iPhone.ActiveCfg = Release|iPhone
		{6009329B-2F92-4051-A638-EA87E31C71B1}.Release|iPhone.Build.0 = Release|iPhone
		{6009329B-2F92-4051-A638-EA87E31C71B1}.Release|iPhoneSimulator.ActiveCfg = Release|iPhoneSimulator
		{6009329B-2F92-4051-A638-EA87E31C71B1}.Release|iPhoneSimulator.Build.0 = Release|iPhoneSimulator
	EndGlobalSection
	GlobalSection(MonoDevelopProperties) = preSolution
		StartupItem = SingleFileSolution\SingleFileSolution.csproj
	EndGlobalSection
EndGlobal
